
Microsoft Visual Studio Solution File, Format Version 12.00
# Visual Studio 15
VisualStudioVersion = 15.0.28307.168
MinimumVisualStudioVersion = 10.0.40219.1
Project("{FAE04EC0-301F-11D3-BF4B-00C04F79EFBC}") = "Szyfrowania", "Szyfrowania\Szyfrowania.csproj", "{9F5FD746-461A-4A34-B309-F8A0CF0173EA}"
EndProject
Global
	GlobalSection(SolutionConfigurationPlatforms) = preSolution
		Debug|Any CPU = Debug|Any CPU
		Release|Any CPU = Release|Any CPU
	EndGlobalSection
	GlobalSection(ProjectConfigurationPlatforms) = postSolution
		{9F5FD746-461A-4A34-B309-F8A0CF0173EA}.Debug|Any CPU.ActiveCfg = Debug|Any CPU
		{9F5FD746-461A-4A34-B309-F8A0CF0173EA}.Debug|Any CPU.Build.0 = Debug|Any CPU
		{9F5FD746-461A-4A34-B309-F8A0CF0173EA}.Release|Any CPU.ActiveCfg = Release|Any CPU
		{9F5FD746-461A-4A34-B309-F8A0CF0173EA}.Release|Any CPU.Build.0 = Release|Any CPU
	EndGlobalSection
	GlobalSection(SolutionProperties) = preSolution
		HideSolutionNode = FALSE
	EndGlobalSection
	GlobalSection(ExtensibilityGlobals) = postSolution
		SolutionGuid = {39D8834E-219D-46A8-81DD-9D1F17A33291}
	EndGlobalSection
EndGlobal
